
Microsoft Visual Studio Solution File, Format Version 12.00
# Visual Studio Version 17
VisualStudioVersion = 17.14.36221.1 d17.14
MinimumVisualStudioVersion = 10.0.40219.1
Project("{FAE04EC0-301F-11D3-BF4B-00C04F79EFBC}") = "TaxiCounter", "TaxiCounter\TaxiCounter.csproj", "{D727A0D1-5127-4BFD-B7A8-5570556CB7D5}"
EndProject
Global
	GlobalSection(SolutionConfigurationPlatforms) = preSolution
		Debug|Any CPU = Debug|Any CPU
		Release|Any CPU = Release|Any CPU
	EndGlobalSection
	GlobalSection(ProjectConfigurationPlatforms) = postSolution
		{D727A0D1-5127-4BFD-B7A8-5570556CB7D5}.Debug|Any CPU.ActiveCfg = Debug|Any CPU
		{D727A0D1-5127-4BFD-B7A8-5570556CB7D5}.Debug|Any CPU.Build.0 = Debug|Any CPU
		{D727A0D1-5127-4BFD-B7A8-5570556CB7D5}.Release|Any CPU.ActiveCfg = Release|Any CPU
		{D727A0D1-5127-4BFD-B7A8-5570556CB7D5}.Release|Any CPU.Build.0 = Release|Any CPU
	EndGlobalSection
	GlobalSection(SolutionProperties) = preSolution
		HideSolutionNode = FALSE
	EndGlobalSection
	GlobalSection(ExtensibilityGlobals) = postSolution
		SolutionGuid = {0F09FE2A-6414-4DB0-99AA-36946B6BE83D}
	EndGlobalSection
EndGlobal
