
Microsoft Visual Studio Solution File, Format Version 12.00
# Visual Studio Version 17
VisualStudioVersion = 17.14.36221.1 d17.14
MinimumVisualStudioVersion = 10.0.40219.1
Project("{FAE04EC0-301F-11D3-BF4B-00C04F79EFBC}") = "ElectrocityKomunalka", "ElectrocityKomunalka\ElectrocityKomunalka.csproj", "{D6CFB4B5-60F3-4DFB-9421-5719D85A60C4}"
EndProject
Global
	GlobalSection(SolutionConfigurationPlatforms) = preSolution
		Debug|Any CPU = Debug|Any CPU
		Release|Any CPU = Release|Any CPU
	EndGlobalSection
	GlobalSection(ProjectConfigurationPlatforms) = postSolution
		{D6CFB4B5-60F3-4DFB-9421-5719D85A60C4}.Debug|Any CPU.ActiveCfg = Debug|Any CPU
		{D6CFB4B5-60F3-4DFB-9421-5719D85A60C4}.Debug|Any CPU.Build.0 = Debug|Any CPU
		{D6CFB4B5-60F3-4DFB-9421-5719D85A60C4}.Release|Any CPU.ActiveCfg = Release|Any CPU
		{D6CFB4B5-60F3-4DFB-9421-5719D85A60C4}.Release|Any CPU.Build.0 = Release|Any CPU
	EndGlobalSection
	GlobalSection(SolutionProperties) = preSolution
		HideSolutionNode = FALSE
	EndGlobalSection
	GlobalSection(ExtensibilityGlobals) = postSolution
		SolutionGuid = {8D312A99-AA06-4E43-B838-101F480AEFB7}
	EndGlobalSection
EndGlobal
